
Microsoft Visual Studio Solution File, Format Version 12.00
# Visual Studio 15
Project("{FAE04EC0-301F-11D3-BF4B-00C04F79EFBC}") = "Aruba", "Aruba\Aruba.csproj", "{DE8433AD-B08A-4A9A-B979-F5AC68687AAE}"
EndProject
Project("{FAE04EC0-301F-11D3-BF4B-00C04F79EFBC}") = "Aruba.Core", "Aruba.Core\Aruba.Core.csproj", "{934C2FD8-F809-4881-90BF-5E17A0A881FB}"
EndProject
Project("{FAE04EC0-301F-11D3-BF4B-00C04F79EFBC}") = "Aruba.Data", "Aruba.Data\Aruba.Data.csproj", "{2CE8CA5B-040E-4BC2-9DFF-12FDA26FC972}"
EndProject
Global
	GlobalSection(SolutionConfigurationPlatforms) = preSolution
		Debug|Any CPU = Debug|Any CPU
		Release|Any CPU = Release|Any CPU
	EndGlobalSection
	GlobalSection(ProjectConfigurationPlatforms) = postSolution
		{DE8433AD-B08A-4A9A-B979-F5AC68687AAE}.Debug|Any CPU.ActiveCfg = Debug|Any CPU
		{DE8433AD-B08A-4A9A-B979-F5AC68687AAE}.Debug|Any CPU.Build.0 = Debug|Any CPU
		{DE8433AD-B08A-4A9A-B979-F5AC68687AAE}.Release|Any CPU.ActiveCfg = Release|Any CPU
		{DE8433AD-B08A-4A9A-B979-F5AC68687AAE}.Release|Any CPU.Build.0 = Release|Any CPU
		{934C2FD8-F809-4881-90BF-5E17A0A881FB}.Debug|Any CPU.ActiveCfg = Debug|Any CPU
		{934C2FD8-F809-4881-90BF-5E17A0A881FB}.Debug|Any CPU.Build.0 = Debug|Any CPU
		{934C2FD8-F809-4881-90BF-5E17A0A881FB}.Release|Any CPU.ActiveCfg = Release|Any CPU
		{934C2FD8-F809-4881-90BF-5E17A0A881FB}.Release|Any CPU.Build.0 = Release|Any CPU
		{2CE8CA5B-040E-4BC2-9DFF-12FDA26FC972}.Debug|Any CPU.ActiveCfg = Debug|Any CPU
		{2CE8CA5B-040E-4BC2-9DFF-12FDA26FC972}.Debug|Any CPU.Build.0 = Debug|Any CPU
		{2CE8CA5B-040E-4BC2-9DFF-12FDA26FC972}.Release|Any CPU.ActiveCfg = Release|Any CPU
		{2CE8CA5B-040E-4BC2-9DFF-12FDA26FC972}.Release|Any CPU.Build.0 = Release|Any CPU
	EndGlobalSection
EndGlobal
